
Microsoft Visual Studio Solution File, Format Version 12.00
# Visual Studio Version 17
VisualStudioVersion = 17.5.33516.290
MinimumVisualStudioVersion = 10.0.40219.1
Project("{FAE04EC0-301F-11D3-BF4B-00C04F79EFBC}") = "WebApi", "WebApi\WebApi.csproj", "{4483D98B-EE77-4F14-8057-7F1BBA694F04}"
EndProject
Project("{FAE04EC0-301F-11D3-BF4B-00C04F79EFBC}") = "DataAccessLayer", "DataAccessLayer\DataAccessLayer.csproj", "{75B57811-77FA-431C-96FF-570275E51A3B}"
EndProject
Project("{FAE04EC0-301F-11D3-BF4B-00C04F79EFBC}") = "CoreLayer", "CoreLayer\CoreLayer.csproj", "{46DCF62A-0EEC-47FF-930B-28747BC21F86}"
EndProject
Global
	GlobalSection(SolutionConfigurationPlatforms) = preSolution
		Debug|Any CPU = Debug|Any CPU
		Release|Any CPU = Release|Any CPU
	EndGlobalSection
	GlobalSection(ProjectConfigurationPlatforms) = postSolution
		{4483D98B-EE77-4F14-8057-7F1BBA694F04}.Debug|Any CPU.ActiveCfg = Debug|Any CPU
		{4483D98B-EE77-4F14-8057-7F1BBA694F04}.Debug|Any CPU.Build.0 = Debug|Any CPU
		{4483D98B-EE77-4F14-8057-7F1BBA694F04}.Release|Any CPU.ActiveCfg = Release|Any CPU
		{4483D98B-EE77-4F14-8057-7F1BBA694F04}.Release|Any CPU.Build.0 = Release|Any CPU
		{75B57811-77FA-431C-96FF-570275E51A3B}.Debug|Any CPU.ActiveCfg = Debug|Any CPU
		{75B57811-77FA-431C-96FF-570275E51A3B}.Debug|Any CPU.Build.0 = Debug|Any CPU
		{75B57811-77FA-431C-96FF-570275E51A3B}.Release|Any CPU.ActiveCfg = Release|Any CPU
		{75B57811-77FA-431C-96FF-570275E51A3B}.Release|Any CPU.Build.0 = Release|Any CPU
		{46DCF62A-0EEC-47FF-930B-28747BC21F86}.Debug|Any CPU.ActiveCfg = Debug|Any CPU
		{46DCF62A-0EEC-47FF-930B-28747BC21F86}.Debug|Any CPU.Build.0 = Debug|Any CPU
		{46DCF62A-0EEC-47FF-930B-28747BC21F86}.Release|Any CPU.ActiveCfg = Release|Any CPU
		{46DCF62A-0EEC-47FF-930B-28747BC21F86}.Release|Any CPU.Build.0 = Release|Any CPU
	EndGlobalSection
	GlobalSection(SolutionProperties) = preSolution
		HideSolutionNode = FALSE
	EndGlobalSection
	GlobalSection(ExtensibilityGlobals) = postSolution
		SolutionGuid = {806027A7-BB77-4389-9672-C30CB14AAA5C}
	EndGlobalSection
EndGlobal
